{
  "name": "live-view-vs-cdp-screencast",
  "lockfileVersion": 3,
  "requires": true,
  "packages": {
    "": {
      "name": "live-view-vs-cdp-screencast",
      "dependencies": {
        "@onkernel/sdk": "^0.72.0"
      }
    },
    "node_modules/@onkernel/sdk": {
      "version": "0.72.0",
      "resolved": "https://registry.npmjs.org/@onkernel/sdk/-/sdk-0.72.0.tgz",
      "integrity": "sha512-Q0hcPWccnuoY977GB2bBlJm+UIfXEH3MOPO7ENF+zVracdEuktX0KUucjJm2wxSLERDyhBHptTUG/IOv5EigTA==",
      "license": "Apache-2.0"
    }
  }
}
